{
  "name": "miniprogram-ts-quickstart",
  "version": "1.0.0",
  "lockfileVersion": 1,
  "requires": true,
  "dependencies": {
    "@protobufjs/aspromise": {
      "version": "1.1.2",
      "resolved": "https://registry.nlark.com/@protobufjs/aspromise/download/@protobufjs/aspromise-1.1.2.tgz",
      "integrity": "sha1-m4sMxmPWaafY9vXQiToU00jzD78="
    },
    "@protobufjs/base64": {
      "version": "1.1.2",
      "resolved": "https://registry.npm.taobao.org/@protobufjs/base64/download/@protobufjs/base64-1.1.2.tgz",
      "integrity": "sha1-TIVzDlm5ofHzSQR9vyQpYDS7JzU="
    },
    "@protobufjs/codegen": {
      "version": "2.0.4",
      "resolved": "https://registry.npm.taobao.org/@protobufjs/codegen/download/@protobufjs/codegen-2.0.4.tgz",
      "integrity": "sha1-fvN/DQEPsCitGtWXIuUG2SYoFcs="
    },
    "@protobufjs/eventemitter": {
      "version": "1.1.0",
      "resolved": "https://registry.npm.taobao.org/@protobufjs/eventemitter/download/@protobufjs/eventemitter-1.1.0.tgz",
      "integrity": "sha1-NVy8mLr61ZePntCV85diHx0Ga3A="
    },
    "@protobufjs/fetch": {
      "version": "1.1.0",
      "resolved": "https://registry.nlark.com/@protobufjs/fetch/download/@protobufjs/fetch-1.1.0.tgz",
      "integrity": "sha1-upn7WYYUr2VwDBYZ/wbUVLDYTEU=",
      "requires": {
        "@protobufjs/aspromise": "^1.1.1",
        "@protobufjs/inquire": "^1.1.0"
      }
    },
    "@protobufjs/float": {
      "version": "1.0.2",
      "resolved": "https://registry.nlark.com/@protobufjs/float/download/@protobufjs/float-1.0.2.tgz",
      "integrity": "sha1-Xp4avctz/Ap8uLKR33jIy9l7h9E="
    },
    "@protobufjs/inquire": {
      "version": "1.1.0",
      "resolved": "https://registry.nlark.com/@protobufjs/inquire/download/@protobufjs/inquire-1.1.0.tgz",
      "integrity": "sha1-/yAOPnzyQp4tyvwRQIKOjMY48Ik="
    },
    "@protobufjs/path": {
      "version": "1.1.2",
      "resolved": "https://registry.npm.taobao.org/@protobufjs/path/download/@protobufjs/path-1.1.2.tgz",
      "integrity": "sha1-bMKyDFya1q0NzP0hynZz2Nf79o0="
    },
    "@protobufjs/pool": {
      "version": "1.1.0",
      "resolved": "https://registry.nlark.com/@protobufjs/pool/download/@protobufjs/pool-1.1.0.tgz",
      "integrity": "sha1-Cf0V8tbTq/qbZbw2ZQbWrXhG/1Q="
    },
    "@protobufjs/utf8": {
      "version": "1.1.0",
      "resolved": "https://registry.npm.taobao.org/@protobufjs/utf8/download/@protobufjs/utf8-1.1.0.tgz",
      "integrity": "sha1-p3c2C1s5oaLlEG+OhY8v0tBgxXA="
    },
    "@types/long": {
      "version": "4.0.1",
      "resolved": "https://registry.npmmirror.com/@types/long/download/@types/long-4.0.1.tgz?cache=0&sync_timestamp=1637268362274&other_urls=https%3A%2F%2Fregistry.npmmirror.com%2F%40types%2Flong%2Fdownload%2F%40types%2Flong-4.0.1.tgz",
      "integrity": "sha1-RZxl+hhn2v5qjzIsTFFpVmPMVek="
    },
    "@types/node": {
      "version": "16.11.10",
      "resolved": "https://registry.npmmirror.com/@types/node/download/@types/node-16.11.10.tgz",
      "integrity": "sha512-3aRnHa1KlOEEhJ6+CvyHKK5vE9BcLGjtUpwvqYLRvYNQKMfabu3BwfJaA/SLW8dxe28LsNDjtHwePTuzn3gmOA=="
    },
    "camelcase": {
      "version": "5.3.1",
      "resolved": "https://registry.npmmirror.com/camelcase/download/camelcase-5.3.1.tgz?cache=0&sync_timestamp=1636945191390&other_urls=https%3A%2F%2Fregistry.npmmirror.com%2Fcamelcase%2Fdownload%2Fcamelcase-5.3.1.tgz",
      "integrity": "sha1-48mzFWnhBoEd8kL3FXJaH0xJQyA="
    },
    "camelcase-keys": {
      "version": "6.2.2",
      "resolved": "https://registry.npmmirror.com/camelcase-keys/download/camelcase-keys-6.2.2.tgz?cache=0&sync_timestamp=1633332938539&other_urls=https%3A%2F%2Fregistry.npmmirror.com%2Fcamelcase-keys%2Fdownload%2Fcamelcase-keys-6.2.2.tgz",
      "integrity": "sha1-XnVda6UaoiPsfT1S8ld4IQ+dw8A=",
      "requires": {
        "camelcase": "^5.3.1",
        "map-obj": "^4.0.0",
        "quick-lru": "^4.0.1"
      }
    },
    "long": {
      "version": "4.0.0",
      "resolved": "https://registry.npmmirror.com/long/download/long-4.0.0.tgz",
      "integrity": "sha1-mntxz7fTYaGU6lVSQckvdGjVvyg="
    },
    "map-obj": {
      "version": "4.3.0",
      "resolved": "https://registry.npmmirror.com/map-obj/download/map-obj-4.3.0.tgz",
      "integrity": "sha1-kwT5Buk/qucIgNoQKp8d8OqLsFo="
    },
    "miniprogram-api-typings": {
      "version": "2.12.0",
      "resolved": "https://registry.npmmirror.com/miniprogram-api-typings/download/miniprogram-api-typings-2.12.0.tgz?cache=0&sync_timestamp=1635559997264&other_urls=https%3A%2F%2Fregistry.npmmirror.com%2Fminiprogram-api-typings%2Fdownload%2Fminiprogram-api-typings-2.12.0.tgz",
      "integrity": "sha1-einJDz5e+jZYhCLR8B4i0zlKqqE=",
      "dev": true
    },
    "protobufjs": {
      "version": "6.11.2",
      "resolved": "https://registry.nlark.com/protobufjs/download/protobufjs-6.11.2.tgz?cache=0&sync_timestamp=1619804443465&other_urls=https%3A%2F%2Fregistry.nlark.com%2Fprotobufjs%2Fdownload%2Fprotobufjs-6.11.2.tgz",
      "integrity": "sha1-3jn6vU7TK+qgjpux4w0IVEwe34s=",
      "requires": {
        "@protobufjs/aspromise": "^1.1.2",
        "@protobufjs/base64": "^1.1.2",
        "@protobufjs/codegen": "^2.0.4",
        "@protobufjs/eventemitter": "^1.1.0",
        "@protobufjs/fetch": "^1.1.0",
        "@protobufjs/float": "^1.0.2",
        "@protobufjs/inquire": "^1.1.0",
        "@protobufjs/path": "^1.1.2",
        "@protobufjs/pool": "^1.1.0",
        "@protobufjs/utf8": "^1.1.0",
        "@types/long": "^4.0.1",
        "@types/node": ">=13.7.0",
        "long": "^4.0.0"
      }
    },
    "quick-lru": {
      "version": "4.0.1",
      "resolved": "https://registry.npmmirror.com/quick-lru/download/quick-lru-4.0.1.tgz?cache=0&other_urls=https%3A%2F%2Fregistry.npmmirror.com%2Fquick-lru%2Fdownload%2Fquick-lru-4.0.1.tgz",
      "integrity": "sha1-W4h48ROlgheEjGSCAmxz4bpXcn8="
    },
    "typescript": {
      "version": "3.9.10",
      "resolved": "https://registry.npmmirror.com/typescript/download/typescript-3.9.10.tgz",
      "integrity": "sha1-cPORCselHta+952ngAaQsZv3eLg=",
      "dev": true
    }
  }
}
